
Microsoft Visual Studio Solution File, Format Version 12.00
# Visual Studio Version 16
VisualStudioVersion = 16.0.30128.74
MinimumVisualStudioVersion = 10.0.40219.1
Project("{FAE04EC0-301F-11D3-BF4B-00C04F79EFBC}") = "ExtensionUsageScanner", "ExtensionUsageScanner.csproj", "{B9423AF1-EE3B-491F-BF99-903142A09080}"
EndProject
Global
	GlobalSection(SolutionConfigurationPlatforms) = preSolution
		Debug|Any CPU = Debug|Any CPU
		Release|Any CPU = Release|Any CPU
	EndGlobalSection
	GlobalSection(ProjectConfigurationPlatforms) = postSolution
		{B9423AF1-EE3B-491F-BF99-903142A09080}.Debug|Any CPU.ActiveCfg = Debug|Any CPU
		{B9423AF1-EE3B-491F-BF99-903142A09080}.Debug|Any CPU.Build.0 = Debug|Any CPU
		{B9423AF1-EE3B-491F-BF99-903142A09080}.Release|Any CPU.ActiveCfg = Release|Any CPU
		{B9423AF1-EE3B-491F-BF99-903142A09080}.Release|Any CPU.Build.0 = Release|Any CPU
	EndGlobalSection
	GlobalSection(SolutionProperties) = preSolution
		HideSolutionNode = FALSE
	EndGlobalSection
	GlobalSection(ExtensibilityGlobals) = postSolution
		SolutionGuid = {B8DE2C53-CD78-43C7-A430-EFC79AC3B4A6}
	EndGlobalSection
EndGlobal
